// !$*UTF8*$!
{
	archiveVersion = 1;
	classes = {
	};
	objectVersion = 46;
	objects = {

/* Begin PBXBuildFile section */
		8660DAC11945B8690030DEE1 /* Foundation.framework in Frameworks */ = {isa = PBXBuildFile; fileRef = 8660DAC01945B8690030DEE1 /* Foundation.framework */; };
		8660DAC71945B8690030DEE1 /* InfoPlist.strings in Resources */ = {isa = PBXBuildFile; fileRef = 8660DAC51945B8690030DEE1 /* InfoPlist.strings */; };
		8660DAD01945B8690030DEE1 /* XCTest.framework in Frameworks */ = {isa = PBXBuildFile; fileRef = 8660DACF1945B8690030DEE1 /* XCTest.framework */; };
		8660DAD11945B8690030DEE1 /* Foundation.framework in Frameworks */ = {isa = PBXBuildFile; fileRef = 8660DAC01945B8690030DEE1 /* Foundation.framework */; };
		8660DAD31945B8690030DEE1 /* UIKit.framework in Frameworks */ = {isa = PBXBuildFile; fileRef = 8660DAD21945B8690030DEE1 /* UIKit.framework */; };
		8660DADD1945B8690030DEE1 /* InfoPlist.strings in Resources */ = {isa = PBXBuildFile; fileRef = 8660DADB1945B8690030DEE1 /* InfoPlist.strings */; };
		8660DADF1945B8690030DEE1 /* CommLibTests.m in Sources */ = {isa = PBXBuildFile; fileRef = 8660DADE1945B8690030DEE1 /* CommLibTests.m */; };
		8660DAFB1945BB6F0030DEE1 /* CustomViewController.h in Headers */ = {isa = PBXBuildFile; fileRef = 8660DAE81945BB6F0030DEE1 /* CustomViewController.h */; settings = {ATTRIBUTES = (Public, ); }; };
		8660DAFC1945BB6F0030DEE1 /* CustomViewController.m in Sources */ = {isa = PBXBuildFile; fileRef = 8660DAE91945BB6F0030DEE1 /* CustomViewController.m */; };
		8660DAFD1945BB6F0030DEE1 /* FBDialogController.h in Headers */ = {isa = PBXBuildFile; fileRef = 8660DAEA1945BB6F0030DEE1 /* FBDialogController.h */; settings = {ATTRIBUTES = (Public, ); }; };
		8660DAFE1945BB6F0030DEE1 /* FBDialogController.m in Sources */ = {isa = PBXBuildFile; fileRef = 8660DAEB1945BB6F0030DEE1 /* FBDialogController.m */; };
		8660DAFF1945BB6F0030DEE1 /* FBDialogController.xib in Resources */ = {isa = PBXBuildFile; fileRef = 8660DAEC1945BB6F0030DEE1 /* FBDialogController.xib */; };
		8660DB001945BB6F0030DEE1 /* FBLoginUIViewController.h in Headers */ = {isa = PBXBuildFile; fileRef = 8660DAED1945BB6F0030DEE1 /* FBLoginUIViewController.h */; settings = {ATTRIBUTES = (Public, ); }; };
		8660DB011945BB6F0030DEE1 /* FBLoginUIViewController.m in Sources */ = {isa = PBXBuildFile; fileRef = 8660DAEE1945BB6F0030DEE1 /* FBLoginUIViewController.m */; };
		8660DB021945BB6F0030DEE1 /* FBLoginUIViewController.xib in Resources */ = {isa = PBXBuildFile; fileRef = 8660DAEF1945BB6F0030DEE1 /* FBLoginUIViewController.xib */; };
		8660DB031945BB6F0030DEE1 /* FBLoginViewController.h in Headers */ = {isa = PBXBuildFile; fileRef = 8660DAF01945BB6F0030DEE1 /* FBLoginViewController.h */; settings = {ATTRIBUTES = (Public, ); }; };
		8660DB041945BB6F0030DEE1 /* FBLoginViewController.m in Sources */ = {isa = PBXBuildFile; fileRef = 8660DAF11945BB6F0030DEE1 /* FBLoginViewController.m */; };
		8660DB051945BB6F0030DEE1 /* FBLoginViewController.xib in Resources */ = {isa = PBXBuildFile; fileRef = 8660DAF21945BB6F0030DEE1 /* FBLoginViewController.xib */; };
		8660DB061945BB6F0030DEE1 /* HomeViewControlleriPhone.h in Headers */ = {isa = PBXBuildFile; fileRef = 8660DAF31945BB6F0030DEE1 /* HomeViewControlleriPhone.h */; settings = {ATTRIBUTES = (Public, ); }; };
		8660DB071945BB6F0030DEE1 /* HomeViewControlleriPhone.m in Sources */ = {isa = PBXBuildFile; fileRef = 8660DAF41945BB6F0030DEE1 /* HomeViewControlleriPhone.m */; };
		8660DB081945BB6F0030DEE1 /* HomeViewControlleriPhone.xib in Resources */ = {isa = PBXBuildFile; fileRef = 8660DAF51945BB6F0030DEE1 /* HomeViewControlleriPhone.xib */; };
		8660DB091945BB6F0030DEE1 /* LoginViewController.h in Headers */ = {isa = PBXBuildFile; fileRef = 8660DAF61945BB6F0030DEE1 /* LoginViewController.h */; settings = {ATTRIBUTES = (Public, ); }; };
		8660DB0A1945BB6F0030DEE1 /* LoginViewController.m in Sources */ = {isa = PBXBuildFile; fileRef = 8660DAF71945BB6F0030DEE1 /* LoginViewController.m */; };
		8660DB0B1945BB6F0030DEE1 /* LoginViewController.xib in Resources */ = {isa = PBXBuildFile; fileRef = 8660DAF81945BB6F0030DEE1 /* LoginViewController.xib */; };
		8660DB0C1945BB6F0030DEE1 /* LoginViewDefines.h in Headers */ = {isa = PBXBuildFile; fileRef = 8660DAF91945BB6F0030DEE1 /* LoginViewDefines.h */; settings = {ATTRIBUTES = (Public, ); }; };
		8660DB0D1945BB6F0030DEE1 /* UserProp.plist in Resources */ = {isa = PBXBuildFile; fileRef = 8660DAFA1945BB6F0030DEE1 /* UserProp.plist */; };
		8660DB0F1945BC550030DEE1 /* FacebookSDK.framework in Frameworks */ = {isa = PBXBuildFile; fileRef = 8660DB0E1945BC550030DEE1 /* FacebookSDK.framework */; };
		867539571945C0D80081365F /* LoginView.h in Headers */ = {isa = PBXBuildFile; fileRef = 867539451945C0D80081365F /* LoginView.h */; settings = {ATTRIBUTES = (Public, ); }; };
		867539581945C0D80081365F /* LoginView.m in Sources */ = {isa = PBXBuildFile; fileRef = 867539461945C0D80081365F /* LoginView.m */; };
		867539591945C0D80081365F /* LoginViewControllerEx.h in Headers */ = {isa = PBXBuildFile; fileRef = 867539471945C0D80081365F /* LoginViewControllerEx.h */; settings = {ATTRIBUTES = (Public, ); }; };
		8675395A1945C0D80081365F /* LoginViewControllerEx.m in Sources */ = {isa = PBXBuildFile; fileRef = 867539481945C0D80081365F /* LoginViewControllerEx.m */; };
		8675395B1945C0D80081365F /* LoginViewControllerEx.xib in Resources */ = {isa = PBXBuildFile; fileRef = 867539491945C0D80081365F /* LoginViewControllerEx.xib */; };
		8675395C1945C0D80081365F /* Reachability.h in Headers */ = {isa = PBXBuildFile; fileRef = 8675394A1945C0D80081365F /* Reachability.h */; };
		8675395D1945C0D80081365F /* Reachability.m in Sources */ = {isa = PBXBuildFile; fileRef = 8675394B1945C0D80081365F /* Reachability.m */; };
		8675395E1945C0D80081365F /* RegistrationViewController.h in Headers */ = {isa = PBXBuildFile; fileRef = 8675394C1945C0D80081365F /* RegistrationViewController.h */; settings = {ATTRIBUTES = (Public, ); }; };
		8675395F1945C0D80081365F /* RegistrationViewController.m in Sources */ = {isa = PBXBuildFile; fileRef = 8675394D1945C0D80081365F /* RegistrationViewController.m */; };
		867539601945C0D80081365F /* RegistrationViewController.xib in Resources */ = {isa = PBXBuildFile; fileRef = 8675394E1945C0D80081365F /* RegistrationViewController.xib */; };
		867539611945C0D80081365F /* ServiceCaller.h in Headers */ = {isa = PBXBuildFile; fileRef = 8675394F1945C0D80081365F /* ServiceCaller.h */; };
		867539621945C0D80081365F /* ServiceCaller.m in Sources */ = {isa = PBXBuildFile; fileRef = 867539501945C0D80081365F /* ServiceCaller.m */; };
		867539631945C0D80081365F /* StateObject.h in Headers */ = {isa = PBXBuildFile; fileRef = 867539511945C0D80081365F /* StateObject.h */; };
		867539641945C0D80081365F /* StateObject.m in Sources */ = {isa = PBXBuildFile; fileRef = 867539521945C0D80081365F /* StateObject.m */; };
		867539651945C0D80081365F /* UserCredentials.h in Headers */ = {isa = PBXBuildFile; fileRef = 867539531945C0D80081365F /* UserCredentials.h */; settings = {ATTRIBUTES = (Public, ); }; };
		867539661945C0D80081365F /* UserCredentials.m in Sources */ = {isa = PBXBuildFile; fileRef = 867539541945C0D80081365F /* UserCredentials.m */; };
/* End PBXBuildFile section */

/* Begin PBXContainerItemProxy section */
		8660DAD41945B8690030DEE1 /* PBXContainerItemProxy */ = {
			isa = PBXContainerItemProxy;
			containerPortal = 8660DAB31945B8690030DEE1 /* Project object */;
			proxyType = 1;
			remoteGlobalIDString = 8660DABE1945B8690030DEE1;
			remoteInfo = CommLib;
		};
		8660DAD61945B8690030DEE1 /* PBXContainerItemProxy */ = {
			isa = PBXContainerItemProxy;
			containerPortal = 8660DAB31945B8690030DEE1 /* Project object */;
			proxyType = 1;
			remoteGlobalIDString = 8660DABE1945B8690030DEE1;
			remoteInfo = CommLib;
		};
/* End PBXContainerItemProxy section */

/* Begin PBXFileReference section */
		8660DAC01945B8690030DEE1 /* Foundation.framework */ = {isa = PBXFileReference; lastKnownFileType = wrapper.framework; name = Foundation.framework; path = System/Library/Frameworks/Foundation.framework; sourceTree = SDKROOT; };
		8660DAC41945B8690030DEE1 /* CommLib-Info.plist */ = {isa = PBXFileReference; lastKnownFileType = text.plist.xml; path = "CommLib-Info.plist"; sourceTree = "<group>"; };
		8660DAC61945B8690030DEE1 /* en */ = {isa = PBXFileReference; lastKnownFileType = text.plist.strings; name = en; path = en.lproj/InfoPlist.strings; sourceTree = "<group>"; };
		8660DAC81945B8690030DEE1 /* CommLib-Prefix.pch */ = {isa = PBXFileReference; lastKnownFileType = sourcecode.c.h; path = "CommLib-Prefix.pch"; sourceTree = "<group>"; };
		8660DACD1945B8690030DEE1 /* CommLibTests.xctest */ = {isa = PBXFileReference; explicitFileType = wrapper.cfbundle; includeInIndex = 0; path = CommLibTests.xctest; sourceTree = BUILT_PRODUCTS_DIR; };
		8660DACF1945B8690030DEE1 /* XCTest.framework */ = {isa = PBXFileReference; lastKnownFileType = wrapper.framework; name = XCTest.framework; path = Library/Frameworks/XCTest.framework; sourceTree = DEVELOPER_DIR; };
		8660DAD21945B8690030DEE1 /* UIKit.framework */ = {isa = PBXFileReference; lastKnownFileType = wrapper.framework; name = UIKit.framework; path = Library/Frameworks/UIKit.framework; sourceTree = DEVELOPER_DIR; };
		8660DADA1945B8690030DEE1 /* CommLibTests-Info.plist */ = {isa = PBXFileReference; lastKnownFileType = text.plist.xml; path = "CommLibTests-Info.plist"; sourceTree = "<group>"; };
		8660DADC1945B8690030DEE1 /* en */ = {isa = PBXFileReference; lastKnownFileType = text.plist.strings; name = en; path = en.lproj/InfoPlist.strings; sourceTree = "<group>"; };
		8660DADE1945B8690030DEE1 /* CommLibTests.m */ = {isa = PBXFileReference; lastKnownFileType = sourcecode.c.objc; path = CommLibTests.m; sourceTree = "<group>"; };
		8660DAE81945BB6F0030DEE1 /* CustomViewController.h */ = {isa = PBXFileReference; fileEncoding = 4; lastKnownFileType = sourcecode.c.h; path = CustomViewController.h; sourceTree = "<group>"; };
		8660DAE91945BB6F0030DEE1 /* CustomViewController.m */ = {isa = PBXFileReference; fileEncoding = 4; lastKnownFileType = sourcecode.c.objc; path = CustomViewController.m; sourceTree = "<group>"; };
		8660DAEA1945BB6F0030DEE1 /* FBDialogController.h */ = {isa = PBXFileReference; fileEncoding = 4; lastKnownFileType = sourcecode.c.h; path = FBDialogController.h; sourceTree = "<group>"; };
		8660DAEB1945BB6F0030DEE1 /* FBDialogController.m */ = {isa = PBXFileReference; fileEncoding = 4; lastKnownFileType = sourcecode.c.objc; path = FBDialogController.m; sourceTree = "<group>"; };
		8660DAEC1945BB6F0030DEE1 /* FBDialogController.xib */ = {isa = PBXFileReference; fileEncoding = 4; lastKnownFileType = file.xib; path = FBDialogController.xib; sourceTree = "<group>"; };
		8660DAED1945BB6F0030DEE1 /* FBLoginUIViewController.h */ = {isa = PBXFileReference; fileEncoding = 4; lastKnownFileType = sourcecode.c.h; path = FBLoginUIViewController.h; sourceTree = "<group>"; };
		8660DAEE1945BB6F0030DEE1 /* FBLoginUIViewController.m */ = {isa = PBXFileReference; fileEncoding = 4; lastKnownFileType = sourcecode.c.objc; path = FBLoginUIViewController.m; sourceTree = "<group>"; };
		8660DAEF1945BB6F0030DEE1 /* FBLoginUIViewController.xib */ = {isa = PBXFileReference; fileEncoding = 4; lastKnownFileType = file.xib; path = FBLoginUIViewController.xib; sourceTree = "<group>"; };
		8660DAF01945BB6F0030DEE1 /* FBLoginViewController.h */ = {isa = PBXFileReference; fileEncoding = 4; lastKnownFileType = sourcecode.c.h; path = FBLoginViewController.h; sourceTree = "<group>"; };
		8660DAF11945BB6F0030DEE1 /* FBLoginViewController.m */ = {isa = PBXFileReference; fileEncoding = 4; lastKnownFileType = sourcecode.c.objc; path = FBLoginViewController.m; sourceTree = "<group>"; };
		8660DAF21945BB6F0030DEE1 /* FBLoginViewController.xib */ = {isa = PBXFileReference; fileEncoding = 4; lastKnownFileType = file.xib; path = FBLoginViewController.xib; sourceTree = "<group>"; };
		8660DAF31945BB6F0030DEE1 /* HomeViewControlleriPhone.h */ = {isa = PBXFileReference; fileEncoding = 4; lastKnownFileType = sourcecode.c.h; path = HomeViewControlleriPhone.h; sourceTree = "<group>"; };
		8660DAF41945BB6F0030DEE1 /* HomeViewControlleriPhone.m */ = {isa = PBXFileReference; fileEncoding = 4; lastKnownFileType = sourcecode.c.objc; path = HomeViewControlleriPhone.m; sourceTree = "<group>"; };
		8660DAF51945BB6F0030DEE1 /* HomeViewControlleriPhone.xib */ = {isa = PBXFileReference; fileEncoding = 4; lastKnownFileType = file.xib; path = HomeViewControlleriPhone.xib; sourceTree = "<group>"; };
		8660DAF61945BB6F0030DEE1 /* LoginViewController.h */ = {isa = PBXFileReference; fileEncoding = 4; lastKnownFileType = sourcecode.c.h; path = LoginViewController.h; sourceTree = "<group>"; };
		8660DAF71945BB6F0030DEE1 /* LoginViewController.m */ = {isa = PBXFileReference; fileEncoding = 4; lastKnownFileType = sourcecode.c.objc; path = LoginViewController.m; sourceTree = "<group>"; };
		8660DAF81945BB6F0030DEE1 /* LoginViewController.xib */ = {isa = PBXFileReference; fileEncoding = 4; lastKnownFileType = file.xib; path = LoginViewController.xib; sourceTree = "<group>"; };
		8660DAF91945BB6F0030DEE1 /* LoginViewDefines.h */ = {isa = PBXFileReference; fileEncoding = 4; lastKnownFileType = sourcecode.c.h; path = LoginViewDefines.h; sourceTree = "<group>"; };
		8660DAFA1945BB6F0030DEE1 /* UserProp.plist */ = {isa = PBXFileReference; fileEncoding = 4; lastKnownFileType = text.plist.xml; path = UserProp.plist; sourceTree = "<group>"; };
		8660DB0E1945BC550030DEE1 /* FacebookSDK.framework */ = {isa = PBXFileReference; lastKnownFileType = wrapper.framework; name = FacebookSDK.framework; path = "../../../Downloads/ios-howtos-master/FacebookSDK.framework"; sourceTree = "<group>"; };
		867539451945C0D80081365F /* LoginView.h */ = {isa = PBXFileReference; fileEncoding = 4; lastKnownFileType = sourcecode.c.h; path = LoginView.h; sourceTree = "<group>"; };
		867539461945C0D80081365F /* LoginView.m */ = {isa = PBXFileReference; fileEncoding = 4; lastKnownFileType = sourcecode.c.objc; path = LoginView.m; sourceTree = "<group>"; };
		867539471945C0D80081365F /* LoginViewControllerEx.h */ = {isa = PBXFileReference; fileEncoding = 4; lastKnownFileType = sourcecode.c.h; path = LoginViewControllerEx.h; sourceTree = "<group>"; };
		867539481945C0D80081365F /* LoginViewControllerEx.m */ = {isa = PBXFileReference; fileEncoding = 4; lastKnownFileType = sourcecode.c.objc; path = LoginViewControllerEx.m; sourceTree = "<group>"; };
		867539491945C0D80081365F /* LoginViewControllerEx.xib */ = {isa = PBXFileReference; fileEncoding = 4; lastKnownFileType = file.xib; path = LoginViewControllerEx.xib; sourceTree = "<group>"; };
		8675394A1945C0D80081365F /* Reachability.h */ = {isa = PBXFileReference; fileEncoding = 4; lastKnownFileType = sourcecode.c.h; path = Reachability.h; sourceTree = "<group>"; };
		8675394B1945C0D80081365F /* Reachability.m */ = {isa = PBXFileReference; fileEncoding = 4; lastKnownFileType = sourcecode.c.objc; path = Reachability.m; sourceTree = "<group>"; };
		8675394C1945C0D80081365F /* RegistrationViewController.h */ = {isa = PBXFileReference; fileEncoding = 4; lastKnownFileType = sourcecode.c.h; path = RegistrationViewController.h; sourceTree = "<group>"; };
		8675394D1945C0D80081365F /* RegistrationViewController.m */ = {isa = PBXFileReference; fileEncoding = 4; lastKnownFileType = sourcecode.c.objc; path = RegistrationViewController.m; sourceTree = "<group>"; };
		8675394E1945C0D80081365F /* RegistrationViewController.xib */ = {isa = PBXFileReference; fileEncoding = 4; lastKnownFileType = file.xib; path = RegistrationViewController.xib; sourceTree = "<group>"; };
		8675394F1945C0D80081365F /* ServiceCaller.h */ = {isa = PBXFileReference; fileEncoding = 4; lastKnownFileType = sourcecode.c.h; path = ServiceCaller.h; sourceTree = "<group>"; };
		867539501945C0D80081365F /* ServiceCaller.m */ = {isa = PBXFileReference; fileEncoding = 4; lastKnownFileType = sourcecode.c.objc; path = ServiceCaller.m; sourceTree = "<group>"; };
		867539511945C0D80081365F /* StateObject.h */ = {isa = PBXFileReference; fileEncoding = 4; lastKnownFileType = sourcecode.c.h; path = StateObject.h; sourceTree = "<group>"; };
		867539521945C0D80081365F /* StateObject.m */ = {isa = PBXFileReference; fileEncoding = 4; lastKnownFileType = sourcecode.c.objc; path = StateObject.m; sourceTree = "<group>"; };
		867539531945C0D80081365F /* UserCredentials.h */ = {isa = PBXFileReference; fileEncoding = 4; lastKnownFileType = sourcecode.c.h; path = UserCredentials.h; sourceTree = "<group>"; };
		867539541945C0D80081365F /* UserCredentials.m */ = {isa = PBXFileReference; fileEncoding = 4; lastKnownFileType = sourcecode.c.objc; path = UserCredentials.m; sourceTree = "<group>"; };
/* End PBXFileReference section */

/* Begin PBXFrameworksBuildPhase section */
		8660DAB91945B8690030DEE1 /* Frameworks */ = {
			isa = PBXFrameworksBuildPhase;
			buildActionMask = 2147483647;
			files = (
				8660DB0F1945BC550030DEE1 /* FacebookSDK.framework in Frameworks */,
				8660DAC11945B8690030DEE1 /* Foundation.framework in Frameworks */,
			);
			runOnlyForDeploymentPostprocessing = 0;
		};
		8660DACA1945B8690030DEE1 /* Frameworks */ = {
			isa = PBXFrameworksBuildPhase;
			buildActionMask = 2147483647;
			files = (
				8660DAD01945B8690030DEE1 /* XCTest.framework in Frameworks */,
				8660DAD31945B8690030DEE1 /* UIKit.framework in Frameworks */,
				8660DAD11945B8690030DEE1 /* Foundation.framework in Frameworks */,
			);
			runOnlyForDeploymentPostprocessing = 0;
		};
/* End PBXFrameworksBuildPhase section */

/* Begin PBXGroup section */
		8660DAB21945B8690030DEE1 = {
			isa = PBXGroup;
			children = (
				8660DAC21945B8690030DEE1 /* CommLib */,
				8660DAD81945B8690030DEE1 /* CommLibTests */,
				8660DABF1945B8690030DEE1 /* Frameworks */,
				8660DACE1945B8690030DEE1 /* Products */,
			);
			sourceTree = "<group>";
		};
		8660DABF1945B8690030DEE1 /* Frameworks */ = {
			isa = PBXGroup;
			children = (
				8660DB0E1945BC550030DEE1 /* FacebookSDK.framework */,
				8660DAC01945B8690030DEE1 /* Foundation.framework */,
				8660DACF1945B8690030DEE1 /* XCTest.framework */,
				8660DAD21945B8690030DEE1 /* UIKit.framework */,
			);
			name = Frameworks;
			sourceTree = "<group>";
		};
		8660DAC21945B8690030DEE1 /* CommLib */ = {
			isa = PBXGroup;
			children = (
				867539451945C0D80081365F /* LoginView.h */,
				867539461945C0D80081365F /* LoginView.m */,
				867539471945C0D80081365F /* LoginViewControllerEx.h */,
				867539481945C0D80081365F /* LoginViewControllerEx.m */,
				867539491945C0D80081365F /* LoginViewControllerEx.xib */,
				8675394A1945C0D80081365F /* Reachability.h */,
				8675394B1945C0D80081365F /* Reachability.m */,
				8675394C1945C0D80081365F /* RegistrationViewController.h */,
				8675394D1945C0D80081365F /* RegistrationViewController.m */,
				8675394E1945C0D80081365F /* RegistrationViewController.xib */,
				8675394F1945C0D80081365F /* ServiceCaller.h */,
				867539501945C0D80081365F /* ServiceCaller.m */,
				867539511945C0D80081365F /* StateObject.h */,
				867539521945C0D80081365F /* StateObject.m */,
				867539531945C0D80081365F /* UserCredentials.h */,
				867539541945C0D80081365F /* UserCredentials.m */,
				8660DAE81945BB6F0030DEE1 /* CustomViewController.h */,
				8660DAE91945BB6F0030DEE1 /* CustomViewController.m */,
				8660DAEA1945BB6F0030DEE1 /* FBDialogController.h */,
				8660DAEB1945BB6F0030DEE1 /* FBDialogController.m */,
				8660DAEC1945BB6F0030DEE1 /* FBDialogController.xib */,
				8660DAED1945BB6F0030DEE1 /* FBLoginUIViewController.h */,
				8660DAEE1945BB6F0030DEE1 /* FBLoginUIViewController.m */,
				8660DAEF1945BB6F0030DEE1 /* FBLoginUIViewController.xib */,
				8660DAF01945BB6F0030DEE1 /* FBLoginViewController.h */,
				8660DAF11945BB6F0030DEE1 /* FBLoginViewController.m */,
				8660DAF21945BB6F0030DEE1 /* FBLoginViewController.xib */,
				8660DAF31945BB6F0030DEE1 /* HomeViewControlleriPhone.h */,
				8660DAF41945BB6F0030DEE1 /* HomeViewControlleriPhone.m */,
				8660DAF51945BB6F0030DEE1 /* HomeViewControlleriPhone.xib */,
				8660DAF61945BB6F0030DEE1 /* LoginViewController.h */,
				8660DAF71945BB6F0030DEE1 /* LoginViewController.m */,
				8660DAF81945BB6F0030DEE1 /* LoginViewController.xib */,
				8660DAF91945BB6F0030DEE1 /* LoginViewDefines.h */,
				8660DAFA1945BB6F0030DEE1 /* UserProp.plist */,
				8660DAC31945B8690030DEE1 /* Supporting Files */,
			);
			path = CommLib;
			sourceTree = "<group>";
		};
		8660DAC31945B8690030DEE1 /* Supporting Files */ = {
			isa = PBXGroup;
			children = (
				8660DAC41945B8690030DEE1 /* CommLib-Info.plist */,
				8660DAC51945B8690030DEE1 /* InfoPlist.strings */,
				8660DAC81945B8690030DEE1 /* CommLib-Prefix.pch */,
			);
			name = "Supporting Files";
			sourceTree = "<group>";
		};
		8660DACE1945B8690030DEE1 /* Products */ = {
			isa = PBXGroup;
			children = (
				8660DACD1945B8690030DEE1 /* CommLibTests.xctest */,
			);
			name = Products;
			sourceTree = "<group>";
		};
		8660DAD81945B8690030DEE1 /* CommLibTests */ = {
			isa = PBXGroup;
			children = (
				8660DADE1945B8690030DEE1 /* CommLibTests.m */,
				8660DAD91945B8690030DEE1 /* Supporting Files */,
			);
			path = CommLibTests;
			sourceTree = "<group>";
		};
		8660DAD91945B8690030DEE1 /* Supporting Files */ = {
			isa = PBXGroup;
			children = (
				8660DADA1945B8690030DEE1 /* CommLibTests-Info.plist */,
				8660DADB1945B8690030DEE1 /* InfoPlist.strings */,
			);
			name = "Supporting Files";
			sourceTree = "<group>";
		};
/* End PBXGroup section */

/* Begin PBXHeadersBuildPhase section */
		8660DABA1945B8690030DEE1 /* Headers */ = {
			isa = PBXHeadersBuildPhase;
			buildActionMask = 2147483647;
			files = (
				8660DB061945BB6F0030DEE1 /* HomeViewControlleriPhone.h in Headers */,
				8660DB001945BB6F0030DEE1 /* FBLoginUIViewController.h in Headers */,
				8660DB031945BB6F0030DEE1 /* FBLoginViewController.h in Headers */,
				8675395E1945C0D80081365F /* RegistrationViewController.h in Headers */,
				867539571945C0D80081365F /* LoginView.h in Headers */,
				867539591945C0D80081365F /* LoginViewControllerEx.h in Headers */,
				867539651945C0D80081365F /* UserCredentials.h in Headers */,
				8660DAFD1945BB6F0030DEE1 /* FBDialogController.h in Headers */,
				8675395C1945C0D80081365F /* Reachability.h in Headers */,
				8660DAFB1945BB6F0030DEE1 /* CustomViewController.h in Headers */,
				8660DB0C1945BB6F0030DEE1 /* LoginViewDefines.h in Headers */,
				867539631945C0D80081365F /* StateObject.h in Headers */,
				867539611945C0D80081365F /* ServiceCaller.h in Headers */,
				8660DB091945BB6F0030DEE1 /* LoginViewController.h in Headers */,
			);
			runOnlyForDeploymentPostprocessing = 0;
		};
/* End PBXHeadersBuildPhase section */

/* Begin PBXNativeTarget section */
		8660DABE1945B8690030DEE1 /* CommLib */ = {
			isa = PBXNativeTarget;
			buildConfigurationList = 8660DAE21945B8690030DEE1 /* Build configuration list for PBXNativeTarget "CommLib" */;
			buildPhases = (
				8660DAB71945B8690030DEE1 /* ShellScript */,
				8660DAB81945B8690030DEE1 /* Sources */,
				8660DAB91945B8690030DEE1 /* Frameworks */,
				8660DABA1945B8690030DEE1 /* Headers */,
				8660DABB1945B8690030DEE1 /* Resources */,
				8660DABC1945B8690030DEE1 /* ShellScript */,
				8660DABD1945B8690030DEE1 /* ShellScript */,
			);
			buildRules = (
			);
			dependencies = (
			);
			name = CommLib;
			productName = CommLib;
			productType = "com.apple.product-type.framework.static";
		};
		8660DACC1945B8690030DEE1 /* CommLibTests */ = {
			isa = PBXNativeTarget;
			buildConfigurationList = 8660DAE51945B8690030DEE1 /* Build configuration list for PBXNativeTarget "CommLibTests" */;
			buildPhases = (
				8660DAC91945B8690030DEE1 /* Sources */,
				8660DACA1945B8690030DEE1 /* Frameworks */,
				8660DACB1945B8690030DEE1 /* Resources */,
			);
			buildRules = (
			);
			dependencies = (
				8660DAD51945B8690030DEE1 /* PBXTargetDependency */,
				8660DAD71945B8690030DEE1 /* PBXTargetDependency */,
			);
			name = CommLibTests;
			productName = CommLibTests;
			productReference = 8660DACD1945B8690030DEE1 /* CommLibTests.xctest */;
			productType = "com.apple.product-type.bundle.unit-test";
		};
/* End PBXNativeTarget section */

/* Begin PBXProject section */
		8660DAB31945B8690030DEE1 /* Project object */ = {
			isa = PBXProject;
			attributes = {
				LastUpgradeCheck = 0500;
				ORGANIZATIONNAME = "Yogesh Kumar";
			};
			buildConfigurationList = 8660DAB61945B8690030DEE1 /* Build configuration list for PBXProject "CommLib" */;
			compatibilityVersion = "Xcode 3.2";
			developmentRegion = English;
			hasScannedForEncodings = 0;
			knownRegions = (
				en,
			);
			mainGroup = 8660DAB21945B8690030DEE1;
			productRefGroup = 8660DACE1945B8690030DEE1 /* Products */;
			projectDirPath = "";
			projectRoot = "";
			targets = (
				8660DABE1945B8690030DEE1 /* CommLib */,
				8660DACC1945B8690030DEE1 /* CommLibTests */,
			);
		};
/* End PBXProject section */

/* Begin PBXResourcesBuildPhase section */
		8660DABB1945B8690030DEE1 /* Resources */ = {
			isa = PBXResourcesBuildPhase;
			buildActionMask = 2147483647;
			files = (
				8660DB081945BB6F0030DEE1 /* HomeViewControlleriPhone.xib in Resources */,
				8660DAC71945B8690030DEE1 /* InfoPlist.strings in Resources */,
				8660DB0B1945BB6F0030DEE1 /* LoginViewController.xib in Resources */,
				867539601945C0D80081365F /* RegistrationViewController.xib in Resources */,
				8660DB021945BB6F0030DEE1 /* FBLoginUIViewController.xib in Resources */,
				8660DB0D1945BB6F0030DEE1 /* UserProp.plist in Resources */,
				8660DB051945BB6F0030DEE1 /* FBLoginViewController.xib in Resources */,
				8660DAFF1945BB6F0030DEE1 /* FBDialogController.xib in Resources */,
				8675395B1945C0D80081365F /* LoginViewControllerEx.xib in Resources */,
			);
			runOnlyForDeploymentPostprocessing = 0;
		};
		8660DACB1945B8690030DEE1 /* Resources */ = {
			isa = PBXResourcesBuildPhase;
			buildActionMask = 2147483647;
			files = (
				8660DADD1945B8690030DEE1 /* InfoPlist.strings in Resources */,
			);
			runOnlyForDeploymentPostprocessing = 0;
		};
/* End PBXResourcesBuildPhase section */

/* Begin PBXShellScriptBuildPhase section */
		8660DAB71945B8690030DEE1 /* ShellScript */ = {
			isa = PBXShellScriptBuildPhase;
			buildActionMask = 2147483647;
			files = (
			);
			inputPaths = (
			);
			outputPaths = (
			);
			runOnlyForDeploymentPostprocessing = 0;
			shellPath = /bin/sh;
			shellScript = "set -e\n\nset +u\nif [[ $UFW_MASTER_SCRIPT_RUNNING ]]\nthen\n    # Nothing for the slave script to do\n    exit 0\nfi\nset -u\n\nif [[ \"$SDK_NAME\" =~ ([A-Za-z]+) ]]\nthen\n    UFW_SDK_PLATFORM=${BASH_REMATCH[1]}\nelse\n    echo \"Could not find platform name from SDK_NAME: $SDK_NAME\"\n    exit 1\nfi\n\nif [[ \"$SDK_NAME\" =~ ([0-9]+.*$) ]]\nthen\n\tUFW_SDK_VERSION=${BASH_REMATCH[1]}\nelse\n    echo \"Could not find sdk version  from SDK_NAME: $SDK_NAME\"\n    exit 1\nfi\n\nif [[ \"$UFW_SDK_PLATFORM\" = \"iphoneos\" ]]\nthen\n    UFW_OTHER_PLATFORM=iphonesimulator\nelse\n    UFW_OTHER_PLATFORM=iphoneos\nfi\n\nif [[ \"$BUILT_PRODUCTS_DIR\" =~ (.*)$UFW_SDK_PLATFORM$ ]]\nthen\n    UFW_OTHER_BUILT_PRODUCTS_DIR=\"${BASH_REMATCH[1]}${UFW_OTHER_PLATFORM}\"\nelse\n    echo \"Could not find $UFW_SDK_PLATFORM in $BUILT_PRODUCTS_DIR\"\n    exit 1\nfi\n\nONLY_ACTIVE_PLATFORM=${ONLY_ACTIVE_PLATFORM:-$ONLY_ACTIVE_ARCH}\n\n# Short-circuit if all binaries are up to date\n\nif [[ -f \"${BUILT_PRODUCTS_DIR}/${EXECUTABLE_PATH}\" ]] && \\\n   [[ -f \"${BUILT_PRODUCTS_DIR}/${PRODUCT_NAME}.embeddedframework/${EXECUTABLE_PATH}\" ]] && \\\n   [[ ! \"${BUILT_PRODUCTS_DIR}/${EXECUTABLE_PATH}\" -nt \"${BUILT_PRODUCTS_DIR}/${PRODUCT_NAME}.embeddedframework/${EXECUTABLE_PATH}\" ]] && \\\n  ([[ \"${ONLY_ACTIVE_PLATFORM}\" == \"YES\" ]] || \\\n    ([[ -f \"${UFW_OTHER_BUILT_PRODUCTS_DIR}/${EXECUTABLE_PATH}\" ]] && \\\n     [[ -f \"${UFW_OTHER_BUILT_PRODUCTS_DIR}/${PRODUCT_NAME}.embeddedframework/${EXECUTABLE_PATH}\" ]] && \\\n     [[ ! \"${UFW_OTHER_BUILT_PRODUCTS_DIR}/${EXECUTABLE_PATH}\" -nt \"${UFW_OTHER_BUILT_PRODUCTS_DIR}/${PRODUCT_NAME}.embeddedframework/${EXECUTABLE_PATH}\" ]]\n    )\n  )\nthen\n    exit 0\nfi\n\n\n# Clean other platform if needed\n\nif [[ ! -f \"${BUILT_PRODUCTS_DIR}/${EXECUTABLE_PATH}\" ]] && [[ \"${ONLY_ACTIVE_PLATFORM}\" != \"YES\" ]]\nthen\n\techo \"Platform \\\"$UFW_SDK_PLATFORM\\\" was cleaned recently. Cleaning \\\"$UFW_OTHER_PLATFORM\\\" as well\"\n\techo xcodebuild -project \"${PROJECT_FILE_PATH}\" -target \"${TARGET_NAME}\" -configuration \"${CONFIGURATION}\" -sdk ${UFW_OTHER_PLATFORM}${UFW_SDK_VERSION} BUILD_DIR=\"${BUILD_DIR}\" CONFIGURATION_TEMP_DIR=\"${PROJECT_TEMP_DIR}/${CONFIGURATION}-${UFW_OTHER_PLATFORM}\" clean\n\txcodebuild -project \"${PROJECT_FILE_PATH}\" -target \"${TARGET_NAME}\" -configuration \"${CONFIGURATION}\" -sdk ${UFW_OTHER_PLATFORM}${UFW_SDK_VERSION} BUILD_DIR=\"${BUILD_DIR}\" CONFIGURATION_TEMP_DIR=\"${PROJECT_TEMP_DIR}/${CONFIGURATION}-${UFW_OTHER_PLATFORM}\" clean\nfi\n\n\n# Make sure we are building from fresh binaries\n\nrm -rf \"${BUILT_PRODUCTS_DIR}/${EXECUTABLE_PATH}\"\nrm -rf \"${BUILT_PRODUCTS_DIR}/${PRODUCT_NAME}.embeddedframework\"\n\nif [[ \"${ONLY_ACTIVE_PLATFORM}\" != \"YES\" ]]\nthen\n    rm -rf \"${UFW_OTHER_BUILT_PRODUCTS_DIR}/${EXECUTABLE_PATH}\"\n    rm -rf \"${UFW_OTHER_BUILT_PRODUCTS_DIR}/${PRODUCT_NAME}.embeddedframework\"\nfi\n";
		};
		8660DABC1945B8690030DEE1 /* ShellScript */ = {
			isa = PBXShellScriptBuildPhase;
			buildActionMask = 2147483647;
			files = (
			);
			inputPaths = (
			);
			outputPaths = (
			);
			runOnlyForDeploymentPostprocessing = 0;
			shellPath = /bin/sh;
			shellScript = "HEADERS_ROOT=$SRCROOT/$PRODUCT_NAME\nFRAMEWORK_HEADERS_DIR=\"$BUILT_PRODUCTS_DIR/$WRAPPER_NAME/Versions/$FRAMEWORK_VERSION/Headers\"\n\n## only header files expected at this point\nPUBLIC_HEADERS=$(find $FRAMEWORK_HEADERS_DIR/. -not -type d 2> /dev/null | sed -e \"s@.*/@@g\")\n\nFIND_OPTS=\"\"\nfor PUBLIC_HEADER in $PUBLIC_HEADERS; do\n  if [ -n \"$FIND_OPTS\" ]; then\n    FIND_OPTS=\"$FIND_OPTS -o\"\n  fi\n  FIND_OPTS=\"$FIND_OPTS -name '$PUBLIC_HEADER'\"\ndone\n\nif [ -n \"$FIND_OPTS\" ]; then\n  for ORIG_HEADER in $(eval \"find $HEADERS_ROOT/. $FIND_OPTS\" 2> /dev/null | sed -e \"s@^$HEADERS_ROOT/./@@g\"); do\n    PUBLIC_HEADER=$(basename $ORIG_HEADER)\n    RELATIVE_PATH=$(dirname $ORIG_HEADER)\n    if [ -e $FRAMEWORK_HEADERS_DIR/$PUBLIC_HEADER ]; then\n      mkdir -p \"$FRAMEWORK_HEADERS_DIR/$RELATIVE_PATH\"\n      mv \"$FRAMEWORK_HEADERS_DIR/$PUBLIC_HEADER\" \"$FRAMEWORK_HEADERS_DIR/$RELATIVE_PATH/$PUBLIC_HEADER\"\n    fi\n  done\nfi\n";
		};
		8660DABD1945B8690030DEE1 /* ShellScript */ = {
			isa = PBXShellScriptBuildPhase;
			buildActionMask = 2147483647;
			files = (
			);
			inputPaths = (
			);
			outputPaths = (
			);
			runOnlyForDeploymentPostprocessing = 0;
			shellPath = /bin/sh;
			shellScript = "set -e\n\nset +u\nif [[ $UFW_MASTER_SCRIPT_RUNNING ]]\nthen\n    # Nothing for the slave script to do\n    exit 0\nfi\nset -u\nexport UFW_MASTER_SCRIPT_RUNNING=1\n\n\n# Functions\n\n## List files in the specified directory, storing to the specified array.\n#\n# @param $1 The path to list\n# @param $2 The name of the array to fill\n#\n##\nlist_files ()\n{\n    filelist=$(ls \"$1\")\n    while read line\n    do\n        eval \"$2[\\${#$2[*]}]=\\\"\\$line\\\"\"\n    done <<< \"$filelist\"\n}\n\n\n# Sanity check\n\nif [[ ! -f \"${BUILT_PRODUCTS_DIR}/${EXECUTABLE_PATH}\" ]]\nthen\n    echo \"Framework target \\\"${TARGET_NAME}\\\" had no source files to build from. Make sure your source files have the correct target membership\"\n    exit 1\nfi\n\n\n# Gather information\n\nif [[ \"$SDK_NAME\" =~ ([A-Za-z]+) ]]\nthen\n    UFW_SDK_PLATFORM=${BASH_REMATCH[1]}\nelse\n    echo \"Could not find platform name from SDK_NAME: $SDK_NAME\"\n    exit 1\nfi\n\nif [[ \"$SDK_NAME\" =~ ([0-9]+.*$) ]]\nthen\n    UFW_SDK_VERSION=${BASH_REMATCH[1]}\nelse\n    echo \"Could not find sdk version from SDK_NAME: $SDK_NAME\"\n    exit 1\nfi\n\nif [[ \"$UFW_SDK_PLATFORM\" = \"iphoneos\" ]]\nthen\n    UFW_OTHER_PLATFORM=iphonesimulator\nelse\n    UFW_OTHER_PLATFORM=iphoneos\nfi\n\nif [[ \"$BUILT_PRODUCTS_DIR\" =~ (.*)$UFW_SDK_PLATFORM$ ]]\nthen\n    UFW_OTHER_BUILT_PRODUCTS_DIR=\"${BASH_REMATCH[1]}${UFW_OTHER_PLATFORM}\"\nelse\n    echo \"Could not find $UFW_SDK_PLATFORM in $BUILT_PRODUCTS_DIR\"\n    exit 1\nfi\n\nONLY_ACTIVE_PLATFORM=${ONLY_ACTIVE_PLATFORM:-$ONLY_ACTIVE_ARCH}\n\n# Short-circuit if all binaries are up to date.\n# We already checked the other platform in the prerun script.\n\nif [[ -f \"${BUILT_PRODUCTS_DIR}/${EXECUTABLE_PATH}\" ]] && [[ -f \"${BUILT_PRODUCTS_DIR}/${PRODUCT_NAME}.embeddedframework/${EXECUTABLE_PATH}\" ]] && [[ ! \"${BUILT_PRODUCTS_DIR}/${EXECUTABLE_PATH}\" -nt \"${BUILT_PRODUCTS_DIR}/${PRODUCT_NAME}.embeddedframework/${EXECUTABLE_PATH}\" ]]\nthen\n    exit 0\nfi\n\nif [ \"${ONLY_ACTIVE_PLATFORM}\" == \"YES\" ]\nthen\n    echo \"ONLY_ACTIVE_PLATFORM=${ONLY_ACTIVE_PLATFORM}: Skipping other platform build\"\nelse\n    # Make sure the other platform gets built\n    \n    echo \"Build other platform\"\n    \n    echo xcodebuild -project \"${PROJECT_FILE_PATH}\" -target \"${TARGET_NAME}\" -configuration \"${CONFIGURATION}\" -sdk ${UFW_OTHER_PLATFORM}${UFW_SDK_VERSION} BUILD_DIR=\"${BUILD_DIR}\" CONFIGURATION_TEMP_DIR=\"${PROJECT_TEMP_DIR}/${CONFIGURATION}-${UFW_OTHER_PLATFORM}\" $ACTION\n    xcodebuild -project \"${PROJECT_FILE_PATH}\" -target \"${TARGET_NAME}\" -configuration \"${CONFIGURATION}\" -sdk ${UFW_OTHER_PLATFORM}${UFW_SDK_VERSION} BUILD_DIR=\"${BUILD_DIR}\" CONFIGURATION_TEMP_DIR=\"${PROJECT_TEMP_DIR}/${CONFIGURATION}-${UFW_OTHER_PLATFORM}\" $ACTION\n    \n    \n    # Build the fat static library binary\n    \n    echo \"Create universal static library\"\n    \necho \"Xcode version: $XCODE_VERSION_MAJOR\"\n\nif [[ \"$XCODE_VERSION_MAJOR\" == \"0500\" ]]\nthen\n    echo \"$DT_TOOLCHAIN_DIR/usr/bin/libtool\" -static \"${BUILT_PRODUCTS_DIR}/${EXECUTABLE_PATH}\" \"${UFW_OTHER_BUILT_PRODUCTS_DIR}/${EXECUTABLE_PATH}\" -o \"${BUILT_PRODUCTS_DIR}/${EXECUTABLE_PATH}.temp\"\n    \"$DT_TOOLCHAIN_DIR/usr/bin/libtool\" -static \"${BUILT_PRODUCTS_DIR}/${EXECUTABLE_PATH}\" \"${UFW_OTHER_BUILT_PRODUCTS_DIR}/${EXECUTABLE_PATH}\" -o \"${BUILT_PRODUCTS_DIR}/${EXECUTABLE_PATH}.temp\"\nelse\n    echo \"$PLATFORM_DEVELOPER_BIN_DIR/libtool\" -static \"${BUILT_PRODUCTS_DIR}/${EXECUTABLE_PATH}\" \"${UFW_OTHER_BUILT_PRODUCTS_DIR}/${EXECUTABLE_PATH}\" -o \"${BUILT_PRODUCTS_DIR}/${EXECUTABLE_PATH}.temp\"\n    \"$PLATFORM_DEVELOPER_BIN_DIR/libtool\" -static \"${BUILT_PRODUCTS_DIR}/${EXECUTABLE_PATH}\" \"${UFW_OTHER_BUILT_PRODUCTS_DIR}/${EXECUTABLE_PATH}\" -o \"${BUILT_PRODUCTS_DIR}/${EXECUTABLE_PATH}.temp\"\nfi \n    echo mv \"${BUILT_PRODUCTS_DIR}/${EXECUTABLE_PATH}.temp\" \"${BUILT_PRODUCTS_DIR}/${EXECUTABLE_PATH}\"\n    mv \"${BUILT_PRODUCTS_DIR}/${EXECUTABLE_PATH}.temp\" \"${BUILT_PRODUCTS_DIR}/${EXECUTABLE_PATH}\"\nfi\n\n# Build embedded framework structure\n\necho \"Build Embedded Framework\"\n\necho rm -rf \"${BUILT_PRODUCTS_DIR}/${PRODUCT_NAME}.embeddedframework\"\nrm -rf \"${BUILT_PRODUCTS_DIR}/${PRODUCT_NAME}.embeddedframework\"\necho mkdir -p \"${BUILT_PRODUCTS_DIR}/${PRODUCT_NAME}.embeddedframework/Resources\"\nmkdir -p \"${BUILT_PRODUCTS_DIR}/${PRODUCT_NAME}.embeddedframework/Resources\"\necho cp -a \"${BUILT_PRODUCTS_DIR}/${WRAPPER_NAME}\" \"${BUILT_PRODUCTS_DIR}/${PRODUCT_NAME}.embeddedframework/\"\ncp -a \"${BUILT_PRODUCTS_DIR}/${WRAPPER_NAME}\" \"${BUILT_PRODUCTS_DIR}/${PRODUCT_NAME}.embeddedframework/\"\n\ndeclare -a UFW_FILE_LIST\nlist_files \"${BUILT_PRODUCTS_DIR}/${UNLOCALIZED_RESOURCES_FOLDER_PATH}\" UFW_FILE_LIST\nfor filename in \"${UFW_FILE_LIST[@]}\"\ndo\n    if [[ \"${filename}\" != \"Info.plist\" ]] && [[ ! \"${filename}\" =~ .*\\.lproj$ ]]\n    then\n        echo ln -sfh \"../${WRAPPER_NAME}/Resources/${filename}\" \"${BUILT_PRODUCTS_DIR}/${PRODUCT_NAME}.embeddedframework/Resources/${filename}\"\n        ln -sfh \"../${WRAPPER_NAME}/Resources/${filename}\" \"${BUILT_PRODUCTS_DIR}/${PRODUCT_NAME}.embeddedframework/Resources/${filename}\"\n    fi\ndone\n\n\nif [ \"${ONLY_ACTIVE_PLATFORM}\" != \"YES\" ]\nthen\n    # Replace other platform's framework with a copy of this one (so that both have the same universal binary)\n    \n    echo \"Copy from $UFW_SDK_PLATFORM to $UFW_OTHER_PLATFORM\"\n    \n    echo rm -rf \"${BUILD_DIR}/${CONFIGURATION}-${UFW_OTHER_PLATFORM}\"\n    rm -rf \"${BUILD_DIR}/${CONFIGURATION}-${UFW_OTHER_PLATFORM}\"\n    echo cp -a \"${BUILD_DIR}/${CONFIGURATION}-${UFW_SDK_PLATFORM}\" \"${BUILD_DIR}/${CONFIGURATION}-${UFW_OTHER_PLATFORM}\"\n    cp -a \"${BUILD_DIR}/${CONFIGURATION}-${UFW_SDK_PLATFORM}\" \"${BUILD_DIR}/${CONFIGURATION}-${UFW_OTHER_PLATFORM}\"\nfi\n";
		};
/* End PBXShellScriptBuildPhase section */

/* Begin PBXSourcesBuildPhase section */
		8660DAB81945B8690030DEE1 /* Sources */ = {
			isa = PBXSourcesBuildPhase;
			buildActionMask = 2147483647;
			files = (
				8660DB071945BB6F0030DEE1 /* HomeViewControlleriPhone.m in Sources */,
				8660DB011945BB6F0030DEE1 /* FBLoginUIViewController.m in Sources */,
				8675395A1945C0D80081365F /* LoginViewControllerEx.m in Sources */,
				867539661945C0D80081365F /* UserCredentials.m in Sources */,
				8675395F1945C0D80081365F /* RegistrationViewController.m in Sources */,
				867539581945C0D80081365F /* LoginView.m in Sources */,
				8675395D1945C0D80081365F /* Reachability.m in Sources */,
				8660DB0A1945BB6F0030DEE1 /* LoginViewController.m in Sources */,
				8660DAFC1945BB6F0030DEE1 /* CustomViewController.m in Sources */,
				8660DB041945BB6F0030DEE1 /* FBLoginViewController.m in Sources */,
				867539641945C0D80081365F /* StateObject.m in Sources */,
				867539621945C0D80081365F /* ServiceCaller.m in Sources */,
				8660DAFE1945BB6F0030DEE1 /* FBDialogController.m in Sources */,
			);
			runOnlyForDeploymentPostprocessing = 0;
		};
		8660DAC91945B8690030DEE1 /* Sources */ = {
			isa = PBXSourcesBuildPhase;
			buildActionMask = 2147483647;
			files = (
				8660DADF1945B8690030DEE1 /* CommLibTests.m in Sources */,
			);
			runOnlyForDeploymentPostprocessing = 0;
		};
/* End PBXSourcesBuildPhase section */

/* Begin PBXTargetDependency section */
		8660DAD51945B8690030DEE1 /* PBXTargetDependency */ = {
			isa = PBXTargetDependency;
			target = 8660DABE1945B8690030DEE1 /* CommLib */;
			targetProxy = 8660DAD41945B8690030DEE1 /* PBXContainerItemProxy */;
		};
		8660DAD71945B8690030DEE1 /* PBXTargetDependency */ = {
			isa = PBXTargetDependency;
			target = 8660DABE1945B8690030DEE1 /* CommLib */;
			targetProxy = 8660DAD61945B8690030DEE1 /* PBXContainerItemProxy */;
		};
/* End PBXTargetDependency section */

/* Begin PBXVariantGroup section */
		8660DAC51945B8690030DEE1 /* InfoPlist.strings */ = {
			isa = PBXVariantGroup;
			children = (
				8660DAC61945B8690030DEE1 /* en */,
			);
			name = InfoPlist.strings;
			sourceTree = "<group>";
		};
		8660DADB1945B8690030DEE1 /* InfoPlist.strings */ = {
			isa = PBXVariantGroup;
			children = (
				8660DADC1945B8690030DEE1 /* en */,
			);
			name = InfoPlist.strings;
			sourceTree = "<group>";
		};
/* End PBXVariantGroup section */

/* Begin XCBuildConfiguration section */
		8660DAE01945B8690030DEE1 /* Debug */ = {
			isa = XCBuildConfiguration;
			buildSettings = {
				ALWAYS_SEARCH_USER_PATHS = NO;
				ARCHS = "$(ARCHS_STANDARD_INCLUDING_64_BIT)";
				CLANG_CXX_LANGUAGE_STANDARD = "gnu++0x";
				CLANG_CXX_LIBRARY = "libc++";
				CLANG_ENABLE_MODULES = YES;
				CLANG_ENABLE_OBJC_ARC = YES;
				CLANG_WARN_BOOL_CONVERSION = YES;
				CLANG_WARN_CONSTANT_CONVERSION = YES;
				CLANG_WARN_DIRECT_OBJC_ISA_USAGE = YES_ERROR;
				CLANG_WARN_EMPTY_BODY = YES;
				CLANG_WARN_ENUM_CONVERSION = YES;
				CLANG_WARN_INT_CONVERSION = YES;
				CLANG_WARN_OBJC_ROOT_CLASS = YES_ERROR;
				CLANG_WARN__DUPLICATE_METHOD_MATCH = YES;
				COPY_PHASE_STRIP = NO;
				GCC_C_LANGUAGE_STANDARD = gnu99;
				GCC_DYNAMIC_NO_PIC = NO;
				GCC_OPTIMIZATION_LEVEL = 0;
				GCC_PREPROCESSOR_DEFINITIONS = (
					"DEBUG=1",
					"$(inherited)",
				);
				GCC_SYMBOLS_PRIVATE_EXTERN = NO;
				GCC_WARN_64_TO_32_BIT_CONVERSION = YES;
				GCC_WARN_ABOUT_RETURN_TYPE = YES_ERROR;
				GCC_WARN_UNDECLARED_SELECTOR = YES;
				GCC_WARN_UNINITIALIZED_AUTOS = YES;
				GCC_WARN_UNUSED_FUNCTION = YES;
				GCC_WARN_UNUSED_VARIABLE = YES;
				IPHONEOS_DEPLOYMENT_TARGET = 7.0;
				ONLY_ACTIVE_ARCH = YES;
				SDKROOT = iphoneos;
			};
			name = Debug;
		};
		8660DAE11945B8690030DEE1 /* Release */ = {
			isa = XCBuildConfiguration;
			buildSettings = {
				ALWAYS_SEARCH_USER_PATHS = NO;
				ARCHS = "$(ARCHS_STANDARD_INCLUDING_64_BIT)";
				CLANG_CXX_LANGUAGE_STANDARD = "gnu++0x";
				CLANG_CXX_LIBRARY = "libc++";
				CLANG_ENABLE_MODULES = YES;
				CLANG_ENABLE_OBJC_ARC = YES;
				CLANG_WARN_BOOL_CONVERSION = YES;
				CLANG_WARN_CONSTANT_CONVERSION = YES;
				CLANG_WARN_DIRECT_OBJC_ISA_USAGE = YES_ERROR;
				CLANG_WARN_EMPTY_BODY = YES;
				CLANG_WARN_ENUM_CONVERSION = YES;
				CLANG_WARN_INT_CONVERSION = YES;
				CLANG_WARN_OBJC_ROOT_CLASS = YES_ERROR;
				CLANG_WARN__DUPLICATE_METHOD_MATCH = YES;
				COPY_PHASE_STRIP = YES;
				ENABLE_NS_ASSERTIONS = NO;
				GCC_C_LANGUAGE_STANDARD = gnu99;
				GCC_WARN_64_TO_32_BIT_CONVERSION = YES;
				GCC_WARN_ABOUT_RETURN_TYPE = YES_ERROR;
				GCC_WARN_UNDECLARED_SELECTOR = YES;
				GCC_WARN_UNINITIALIZED_AUTOS = YES;
				GCC_WARN_UNUSED_FUNCTION = YES;
				GCC_WARN_UNUSED_VARIABLE = YES;
				IPHONEOS_DEPLOYMENT_TARGET = 7.0;
				SDKROOT = iphoneos;
				VALIDATE_PRODUCT = YES;
			};
			name = Release;
		};
		8660DAE31945B8690030DEE1 /* Debug */ = {
			isa = XCBuildConfiguration;
			buildSettings = {
				ARCHS = "$(ARCHS_STANDARD_INCLUDING_64_BIT)";
				DEAD_CODE_STRIPPING = NO;
				DYLIB_COMPATIBILITY_VERSION = 1;
				DYLIB_CURRENT_VERSION = 1;
				FRAMEWORK_SEARCH_PATHS = (
					"$(inherited)",
					"/Users/yogeshkumar/Downloads/ios-howtos-master",
				);
				FRAMEWORK_VERSION = A;
				GCC_PRECOMPILE_PREFIX_HEADER = YES;
				GCC_PREFIX_HEADER = "CommLib/CommLib-Prefix.pch";
				INFOPLIST_FILE = "CommLib/CommLib-Info.plist";
				LINK_WITH_STANDARD_LIBRARIES = YES;
				MACH_O_TYPE = staticlib;
				ONLY_ACTIVE_ARCH = NO;
				OTHER_LDFLAGS = "-ObjC";
				PRODUCT_NAME = "$(TARGET_NAME)";
				SKIP_INSTALL = YES;
				WRAPPER_EXTENSION = framework;
			};
			name = Debug;
		};
		8660DAE41945B8690030DEE1 /* Release */ = {
			isa = XCBuildConfiguration;
			buildSettings = {
				ARCHS = "$(ARCHS_STANDARD_INCLUDING_64_BIT)";
				DEAD_CODE_STRIPPING = NO;
				DYLIB_COMPATIBILITY_VERSION = 1;
				DYLIB_CURRENT_VERSION = 1;
				FRAMEWORK_SEARCH_PATHS = (
					"$(inherited)",
					"/Users/yogeshkumar/Downloads/ios-howtos-master",
				);
				FRAMEWORK_VERSION = A;
				GCC_PRECOMPILE_PREFIX_HEADER = YES;
				GCC_PREFIX_HEADER = "CommLib/CommLib-Prefix.pch";
				INFOPLIST_FILE = "CommLib/CommLib-Info.plist";
				LINK_WITH_STANDARD_LIBRARIES = YES;
				MACH_O_TYPE = staticlib;
				ONLY_ACTIVE_ARCH = NO;
				OTHER_LDFLAGS = "-ObjC";
				PRODUCT_NAME = "$(TARGET_NAME)";
				SKIP_INSTALL = YES;
				WRAPPER_EXTENSION = framework;
			};
			name = Release;
		};
		8660DAE61945B8690030DEE1 /* Debug */ = {
			isa = XCBuildConfiguration;
			buildSettings = {
				ARCHS = "$(ARCHS_STANDARD_INCLUDING_64_BIT)";
				FRAMEWORK_SEARCH_PATHS = (
					"$(SDKROOT)/Developer/Library/Frameworks",
					"$(inherited)",
					"$(DEVELOPER_FRAMEWORKS_DIR)",
				);
				GCC_PRECOMPILE_PREFIX_HEADER = YES;
				GCC_PREFIX_HEADER = "CommLib/CommLib-Prefix.pch";
				GCC_PREPROCESSOR_DEFINITIONS = (
					"DEBUG=1",
					"$(inherited)",
				);
				INFOPLIST_FILE = "CommLibTests/CommLibTests-Info.plist";
				PRODUCT_NAME = "$(TARGET_NAME)";
				WRAPPER_EXTENSION = xctest;
			};
			name = Debug;
		};
		8660DAE71945B8690030DEE1 /* Release */ = {
			isa = XCBuildConfiguration;
			buildSettings = {
				ARCHS = "$(ARCHS_STANDARD_INCLUDING_64_BIT)";
				FRAMEWORK_SEARCH_PATHS = (
					"$(SDKROOT)/Developer/Library/Frameworks",
					"$(inherited)",
					"$(DEVELOPER_FRAMEWORKS_DIR)",
				);
				GCC_PRECOMPILE_PREFIX_HEADER = YES;
				GCC_PREFIX_HEADER = "CommLib/CommLib-Prefix.pch";
				INFOPLIST_FILE = "CommLibTests/CommLibTests-Info.plist";
				PRODUCT_NAME = "$(TARGET_NAME)";
				WRAPPER_EXTENSION = xctest;
			};
			name = Release;
		};
/* End XCBuildConfiguration section */

/* Begin XCConfigurationList section */
		8660DAB61945B8690030DEE1 /* Build configuration list for PBXProject "CommLib" */ = {
			isa = XCConfigurationList;
			buildConfigurations = (
				8660DAE01945B8690030DEE1 /* Debug */,
				8660DAE11945B8690030DEE1 /* Release */,
			);
			defaultConfigurationIsVisible = 0;
			defaultConfigurationName = Release;
		};
		8660DAE21945B8690030DEE1 /* Build configuration list for PBXNativeTarget "CommLib" */ = {
			isa = XCConfigurationList;
			buildConfigurations = (
				8660DAE31945B8690030DEE1 /* Debug */,
				8660DAE41945B8690030DEE1 /* Release */,
			);
			defaultConfigurationIsVisible = 0;
			defaultConfigurationName = Release;
		};
		8660DAE51945B8690030DEE1 /* Build configuration list for PBXNativeTarget "CommLibTests" */ = {
			isa = XCConfigurationList;
			buildConfigurations = (
				8660DAE61945B8690030DEE1 /* Debug */,
				8660DAE71945B8690030DEE1 /* Release */,
			);
			defaultConfigurationIsVisible = 0;
			defaultConfigurationName = Release;
		};
/* End XCConfigurationList section */
	};
	rootObject = 8660DAB31945B8690030DEE1 /* Project object */;
}
